Microsoft Visual Studio Solution File, Format Version 12.00
# Visual Studio Version 18
VisualStudioVersion = 18.8.12021.73
MinimumVisualStudioVersion = 10.0.40219.1
Project("{FAE04EC0-301F-11D3-BF4B-00C04F79EFBC}") = "EDIParser.Core", "src\EDIParser.Core\EDIParser.Core.csproj", "{189229CD-3A94-42D5-A61E-373E4005B0EB}"
EndProject
Project("{FAE04EC0-301F-11D3-BF4B-00C04F79EFBC}") = "CSharpGen210", "src\EDIParser.Samples\CSharpGen210\CSharpGen210.csproj", "{ACD0226C-DF33-4D1C-91B7-7EEEE68BBFC2}"
EndProject
Project("{FAE04EC0-301F-11D3-BF4B-00C04F79EFBC}") = "CsharpGen130", "src\EDIParser.Samples\CsharpGen130\CsharpGen130.csproj", "{9AB335FD-9526-4654-9DB8-A6488DA982E4}"
EndProject
Project("{FAE04EC0-301F-11D3-BF4B-00C04F79EFBC}") = "CSharpGen270", "src\EDIParser.Samples\CsharpGen270\CSharpGen270.csproj", "{15385854-60ED-4C71-85B4-57220F9D1F5B}"
EndProject
Project("{FAE04EC0-301F-11D3-BF4B-00C04F79EFBC}") = "CSharpGen837", "src\EDIParser.Samples\CsharpGen837\CSharpGen837.csproj", "{D780D85A-1301-4A15-B94D-4F765C8CC43C}"
EndProject
Project("{FAE04EC0-301F-11D3-BF4B-00C04F79EFBC}") = "CsharpTran130", "src\EDIParser.Samples\CsharpTran130\CsharpTran130.csproj", "{13AC08F0-C794-46A3-8CF0-BE9CD1AF452C}"
EndProject
Project("{FAE04EC0-301F-11D3-BF4B-00C04F79EFBC}") = "CsharpTran130_ASync", "src\EDIParser.Samples\CsharpTran130_ASync\CsharpTran130_ASync.csproj", "{9E0941B5-A307-4101-8A95-4EB2912D2EDC}"
EndProject
Project("{FAE04EC0-301F-11D3-BF4B-00C04F79EFBC}") = "CsharpTran837", "src\EDIParser.Samples\CsharpTran837\CsharpTran837.csproj", "{010F60F2-91F7-4B27-95EA-344CA60C85E6}"
EndProject
Project("{FAE04EC0-301F-11D3-BF4B-00C04F79EFBC}") = "CsharpTran270", "src\EDIParser.Samples\CsharpTranAck270\CsharpTran270.csproj", "{DC54AE36-91FA-4C6A-B0FC-474881A409A4}"
EndProject
Project("{FAE04EC0-301F-11D3-BF4B-00C04F79EFBC}") = "EdiFactSample", "src\EDIParser.Samples\EdiFactSample\EdiFactSample.csproj", "{C1CDC579-A100-4BF9-ABFC-77CD0D33F983}"
EndProject
Project("{FAE04EC0-301F-11D3-BF4B-00C04F79EFBC}") = "WatchForHL7Files", "src\EDIParser.Samples\WatchForHL7Files\WatchForHL7Files.csproj", "{A309D121-5880-4DBE-8A27-02EFC35D1DA6}"
EndProject
Project("{FAE04EC0-301F-11D3-BF4B-00C04F79EFBC}") = "X12_270_271_Example", "src\EDIParser.Samples\X12_270_271_Example\X12_270_271_Example.csproj", "{13B9CC36-6681-4FC1-AADC-7C4DCDEF36A2}"
EndProject
Project("{FAE04EC0-301F-11D3-BF4B-00C04F79EFBC}") = "cSharpGen271X279", "src\EDIParser.Samples\cSharpGen271X279\cSharpGen271X279.csproj", "{09CE5CC6-A5D9-42C6-B091-5F9B9892F90F}"
EndProject
Project("{FAE04EC0-301F-11D3-BF4B-00C04F79EFBC}") = "Gen810", "src\EDIParser.Samples\cSharpNetGen810\Gen810.csproj", "{15ADD3C0-77DB-40AA-AC01-713EDA77FB2E}"
EndProject
Project("{FAE04EC0-301F-11D3-BF4B-00C04F79EFBC}") = "cSharpNetGen820", "src\EDIParser.Samples\cSharpNetGen820\cSharpNetGen820.csproj", "{6AA1025C-0D4D-4EAA-B086-4A9EC7F208EB}"
EndProject
Project("{FAE04EC0-301F-11D3-BF4B-00C04F79EFBC}") = "cSharpTran271X279", "src\EDIParser.Samples\cSharpTran271X279\cSharpTran271X279.csproj", "{037C3414-5D1E-4A7A-97F5-11BFAA4E4308}"
EndProject
Project("{F184B08F-C81C-45F6-A57F-5ABD9991F28F}") = "GenX093_276Net", "src\EDIParser.Samples\276_X093GenNet\GenX093_276Net.vbproj", "{EBFBC936-ED4A-4F8F-97F3-38BFD9BAD09F}"
EndProject
Project("{F184B08F-C81C-45F6-A57F-5ABD9991F28F}") = "276_X093TranNet", "src\EDIParser.Samples\276_X093TranNet\276_X093TranNet.vbproj", "{FAFA97E7-EFD0-4FE7-8DB6-F7AC74BCEACE}"
EndProject
Project("{F184B08F-C81C-45F6-A57F-5ABD9991F28F}") = "Gen270X092Net", "src\EDIParser.Samples\Gen270X092Net\Gen270X092Net.vbproj", "{DD8F8EDE-2084-4563-AA07-9C3A1C7EB01B}"
EndProject
Project("{F184B08F-C81C-45F6-A57F-5ABD9991F28F}") = "Gen834X095DB", "src\EDIParser.Samples\Gen834X095DB\Gen834X095DB.vbproj", "{9B5991A7-B15B-49C1-985B-FF71555DE170}"
EndProject
Project("{F184B08F-C81C-45F6-A57F-5ABD9991F28F}") = "Gen835X091Net", "src\EDIParser.Samples\Gen835X091Net\Gen835X091Net\Gen835X091Net.vbproj", "{7CCCEA22-7F1C-4968-92E8-B5D7B4DA4A8B}"
EndProject
Project("{F184B08F-C81C-45F6-A57F-5ABD9991F28F}") = "GenX098Net", "src\EDIParser.Samples\GenX098Net\GenX098Net.vbproj", "{F38A0AF7-1176-4CD5-8D8C-C0FF0F7291C0}"
EndProject
Project("{F184B08F-C81C-45F6-A57F-5ABD9991F28F}") = "HL7Reader", "src\EDIParser.Samples\HL7Reader\HL7Reader.vbproj", "{9A495A2A-E4BF-4545-8944-D7D07C1C2E02}"
EndProject
Project("{F184B08F-C81C-45F6-A57F-5ABD9991F28F}") = "HL7Writer", "src\EDIParser.Samples\HL7Writer\HL7Writer.vbproj", "{3FFC72FD-9E0A-42B9-803B-029950EAA3CC}"
EndProject
Project("{F184B08F-C81C-45F6-A57F-5ABD9991F28F}") = "Read270X092Net", "src\EDIParser.Samples\Read270X092Net\Read270X092Net.vbproj", "{DBC9531F-F762-4C21-8424-C417A20F2284}"
EndProject
Project("{F184B08F-C81C-45F6-A57F-5ABD9991F28F}") = "ReadX095Net", "src\EDIParser.Samples\Read834X095DB\ReadX095Net.vbproj", "{52727A79-9B19-463B-BF2A-00F5ACB8DCC7}"
EndProject
Project("{F184B08F-C81C-45F6-A57F-5ABD9991F28F}") = "Read835X091Net", "src\EDIParser.Samples\Read835X091Net\Read835X091Net.vbproj", "{68CC1DB4-B522-4FAF-8704-634D2C4DA605}"
EndProject
Project("{F184B08F-C81C-45F6-A57F-5ABD9991F28F}") = "ScriptWriter", "src\EDIParser.Samples\ScriptWriter\ScriptWriter.vbproj", "{B6D32E0B-6F05-4759-9059-C34B49F14DA2}"
EndProject
Project("{F184B08F-C81C-45F6-A57F-5ABD9991F28F}") = "TranX098Net", "src\EDIParser.Samples\TranX098Net\TranX098Net.vbproj", "{295E5DD0-D79C-42C6-8260-45F30D3EE10A}"
EndProject
Project("{F184B08F-C81C-45F6-A57F-5ABD9991F28F}") = "X12Reader", "src\EDIParser.Samples\X12Reader\X12Reader.vbproj", "{0E0A0702-E3C6-4D27-9A31-67B31B67C38E}"
EndProject
Project("{F184B08F-C81C-45F6-A57F-5ABD9991F28F}") = "vbNetGen945", "src\EDIParser.Samples\vbNetGen945\vbNetGen945.vbproj", "{D2D03C82-1119-454A-892F-44919F12C618}"
EndProject
Project("{F184B08F-C81C-45F6-A57F-5ABD9991F28F}") = "vbNetTran945", "src\EDIParser.Samples\vbNetTran945\vbNetTran945.vbproj", "{CD492CA0-4B9C-4777-8EF4-AB1FBAB9F865}"
EndProject
Global
	GlobalSection(SolutionConfigurationPlatforms) = preSolution
		Debug|Any CPU = Debug|Any CPU
		Release|Any CPU = Release|Any CPU
	EndGlobalSection
	GlobalSection(ProjectConfigurationPlatforms) = postSolution
		{189229CD-3A94-42D5-A61E-373E4005B0EB}.Debug|Any CPU.ActiveCfg = Debug|Any CPU
		{189229CD-3A94-42D5-A61E-373E4005B0EB}.Debug|Any CPU.Build.0 = Debug|Any CPU
		{189229CD-3A94-42D5-A61E-373E4005B0EB}.Release|Any CPU.ActiveCfg = Release|Any CPU
		{189229CD-3A94-42D5-A61E-373E4005B0EB}.Release|Any CPU.Build.0 = Release|Any CPU
		{ACD0226C-DF33-4D1C-91B7-7EEEE68BBFC2}.Debug|Any CPU.ActiveCfg = Debug|Any CPU
		{ACD0226C-DF33-4D1C-91B7-7EEEE68BBFC2}.Debug|Any CPU.Build.0 = Debug|Any CPU
		{ACD0226C-DF33-4D1C-91B7-7EEEE68BBFC2}.Release|Any CPU.ActiveCfg = Release|Any CPU
		{ACD0226C-DF33-4D1C-91B7-7EEEE68BBFC2}.Release|Any CPU.Build.0 = Release|Any CPU
		{9AB335FD-9526-4654-9DB8-A6488DA982E4}.Debug|Any CPU.ActiveCfg = Debug|Any CPU
		{9AB335FD-9526-4654-9DB8-A6488DA982E4}.Debug|Any CPU.Build.0 = Debug|Any CPU
		{9AB335FD-9526-4654-9DB8-A6488DA982E4}.Release|Any CPU.ActiveCfg = Release|Any CPU
		{9AB335FD-9526-4654-9DB8-A6488DA982E4}.Release|Any CPU.Build.0 = Release|Any CPU
		{15385854-60ED-4C71-85B4-57220F9D1F5B}.Debug|Any CPU.ActiveCfg = Debug|Any CPU
		{15385854-60ED-4C71-85B4-57220F9D1F5B}.Debug|Any CPU.Build.0 = Debug|Any CPU
		{15385854-60ED-4C71-85B4-57220F9D1F5B}.Release|Any CPU.ActiveCfg = Release|Any CPU
		{15385854-60ED-4C71-85B4-57220F9D1F5B}.Release|Any CPU.Build.0 = Release|Any CPU
		{D780D85A-1301-4A15-B94D-4F765C8CC43C}.Debug|Any CPU.ActiveCfg = Debug|Any CPU
		{D780D85A-1301-4A15-B94D-4F765C8CC43C}.Debug|Any CPU.Build.0 = Debug|Any CPU
		{D780D85A-1301-4A15-B94D-4F765C8CC43C}.Release|Any CPU.ActiveCfg = Release|Any CPU
		{D780D85A-1301-4A15-B94D-4F765C8CC43C}.Release|Any CPU.Build.0 = Release|Any CPU
		{13AC08F0-C794-46A3-8CF0-BE9CD1AF452C}.Debug|Any CPU.ActiveCfg = Debug|Any CPU
		{13AC08F0-C794-46A3-8CF0-BE9CD1AF452C}.Debug|Any CPU.Build.0 = Debug|Any CPU
		{13AC08F0-C794-46A3-8CF0-BE9CD1AF452C}.Release|Any CPU.ActiveCfg = Release|Any CPU
		{13AC08F0-C794-46A3-8CF0-BE9CD1AF452C}.Release|Any CPU.Build.0 = Release|Any CPU
		{9E0941B5-A307-4101-8A95-4EB2912D2EDC}.Debug|Any CPU.ActiveCfg = Debug|Any CPU
		{9E0941B5-A307-4101-8A95-4EB2912D2EDC}.Debug|Any CPU.Build.0 = Debug|Any CPU
		{9E0941B5-A307-4101-8A95-4EB2912D2EDC}.Release|Any CPU.ActiveCfg = Release|Any CPU
		{9E0941B5-A307-4101-8A95-4EB2912D2EDC}.Release|Any CPU.Build.0 = Release|Any CPU
		{010F60F2-91F7-4B27-95EA-344CA60C85E6}.Debug|Any CPU.ActiveCfg = Debug|Any CPU
		{010F60F2-91F7-4B27-95EA-344CA60C85E6}.Debug|Any CPU.Build.0 = Debug|Any CPU
		{010F60F2-91F7-4B27-95EA-344CA60C85E6}.Release|Any CPU.ActiveCfg = Release|Any CPU
		{010F60F2-91F7-4B27-95EA-344CA60C85E6}.Release|Any CPU.Build.0 = Release|Any CPU
		{DC54AE36-91FA-4C6A-B0FC-474881A409A4}.Debug|Any CPU.ActiveCfg = Debug|Any CPU
		{DC54AE36-91FA-4C6A-B0FC-474881A409A4}.Debug|Any CPU.Build.0 = Debug|Any CPU
		{DC54AE36-91FA-4C6A-B0FC-474881A409A4}.Release|Any CPU.ActiveCfg = Release|Any CPU
		{DC54AE36-91FA-4C6A-B0FC-474881A409A4}.Release|Any CPU.Build.0 = Release|Any CPU
		{C1CDC579-A100-4BF9-ABFC-77CD0D33F983}.Debug|Any CPU.ActiveCfg = Debug|Any CPU
		{C1CDC579-A100-4BF9-ABFC-77CD0D33F983}.Debug|Any CPU.Build.0 = Debug|Any CPU
		{C1CDC579-A100-4BF9-ABFC-77CD0D33F983}.Release|Any CPU.ActiveCfg = Release|Any CPU
		{C1CDC579-A100-4BF9-ABFC-77CD0D33F983}.Release|Any CPU.Build.0 = Release|Any CPU
		{A309D121-5880-4DBE-8A27-02EFC35D1DA6}.Debug|Any CPU.ActiveCfg = Debug|Any CPU
		{A309D121-5880-4DBE-8A27-02EFC35D1DA6}.Debug|Any CPU.Build.0 = Debug|Any CPU
		{A309D121-5880-4DBE-8A27-02EFC35D1DA6}.Release|Any CPU.ActiveCfg = Release|Any CPU
		{A309D121-5880-4DBE-8A27-02EFC35D1DA6}.Release|Any CPU.Build.0 = Release|Any CPU
		{13B9CC36-6681-4FC1-AADC-7C4DCDEF36A2}.Debug|Any CPU.ActiveCfg = Debug|Any CPU
		{13B9CC36-6681-4FC1-AADC-7C4DCDEF36A2}.Debug|Any CPU.Build.0 = Debug|Any CPU
		{13B9CC36-6681-4FC1-AADC-7C4DCDEF36A2}.Release|Any CPU.ActiveCfg = Release|Any CPU
		{13B9CC36-6681-4FC1-AADC-7C4DCDEF36A2}.Release|Any CPU.Build.0 = Release|Any CPU
		{09CE5CC6-A5D9-42C6-B091-5F9B9892F90F}.Debug|Any CPU.ActiveCfg = Debug|Any CPU
		{09CE5CC6-A5D9-42C6-B091-5F9B9892F90F}.Debug|Any CPU.Build.0 = Debug|Any CPU
		{09CE5CC6-A5D9-42C6-B091-5F9B9892F90F}.Release|Any CPU.ActiveCfg = Release|Any CPU
		{09CE5CC6-A5D9-42C6-B091-5F9B9892F90F}.Release|Any CPU.Build.0 = Release|Any CPU
		{15ADD3C0-77DB-40AA-AC01-713EDA77FB2E}.Debug|Any CPU.ActiveCfg = Debug|Any CPU
		{15ADD3C0-77DB-40AA-AC01-713EDA77FB2E}.Debug|Any CPU.Build.0 = Debug|Any CPU
		{15ADD3C0-77DB-40AA-AC01-713EDA77FB2E}.Release|Any CPU.ActiveCfg = Release|Any CPU
		{15ADD3C0-77DB-40AA-AC01-713EDA77FB2E}.Release|Any CPU.Build.0 = Release|Any CPU
		{6AA1025C-0D4D-4EAA-B086-4A9EC7F208EB}.Debug|Any CPU.ActiveCfg = Debug|Any CPU
		{6AA1025C-0D4D-4EAA-B086-4A9EC7F208EB}.Debug|Any CPU.Build.0 = Debug|Any CPU
		{6AA1025C-0D4D-4EAA-B086-4A9EC7F208EB}.Release|Any CPU.ActiveCfg = Release|Any CPU
		{6AA1025C-0D4D-4EAA-B086-4A9EC7F208EB}.Release|Any CPU.Build.0 = Release|Any CPU
		{037C3414-5D1E-4A7A-97F5-11BFAA4E4308}.Debug|Any CPU.ActiveCfg = Debug|Any CPU
		{037C3414-5D1E-4A7A-97F5-11BFAA4E4308}.Debug|Any CPU.Build.0 = Debug|Any CPU
		{037C3414-5D1E-4A7A-97F5-11BFAA4E4308}.Release|Any CPU.ActiveCfg = Release|Any CPU
		{037C3414-5D1E-4A7A-97F5-11BFAA4E4308}.Release|Any CPU.Build.0 = Release|Any CPU
		{EBFBC936-ED4A-4F8F-97F3-38BFD9BAD09F}.Debug|Any CPU.ActiveCfg = Debug|Any CPU
		{EBFBC936-ED4A-4F8F-97F3-38BFD9BAD09F}.Debug|Any CPU.Build.0 = Debug|Any CPU
		{EBFBC936-ED4A-4F8F-97F3-38BFD9BAD09F}.Release|Any CPU.ActiveCfg = Release|Any CPU
		{EBFBC936-ED4A-4F8F-97F3-38BFD9BAD09F}.Release|Any CPU.Build.0 = Release|Any CPU
		{FAFA97E7-EFD0-4FE7-8DB6-F7AC74BCEACE}.Debug|Any CPU.ActiveCfg = Debug|Any CPU
		{FAFA97E7-EFD0-4FE7-8DB6-F7AC74BCEACE}.Debug|Any CPU.Build.0 = Debug|Any CPU
		{FAFA97E7-EFD0-4FE7-8DB6-F7AC74BCEACE}.Release|Any CPU.ActiveCfg = Release|Any CPU
		{FAFA97E7-EFD0-4FE7-8DB6-F7AC74BCEACE}.Release|Any CPU.Build.0 = Release|Any CPU
		{DD8F8EDE-2084-4563-AA07-9C3A1C7EB01B}.Debug|Any CPU.ActiveCfg = Debug|Any CPU
		{DD8F8EDE-2084-4563-AA07-9C3A1C7EB01B}.Debug|Any CPU.Build.0 = Debug|Any CPU
		{DD8F8EDE-2084-4563-AA07-9C3A1C7EB01B}.Release|Any CPU.ActiveCfg = Release|Any CPU
		{DD8F8EDE-2084-4563-AA07-9C3A1C7EB01B}.Release|Any CPU.Build.0 = Release|Any CPU
		{9B5991A7-B15B-49C1-985B-FF71555DE170}.Debug|Any CPU.ActiveCfg = Debug|Any CPU
		{9B5991A7-B15B-49C1-985B-FF71555DE170}.Debug|Any CPU.Build.0 = Debug|Any CPU
		{9B5991A7-B15B-49C1-985B-FF71555DE170}.Release|Any CPU.ActiveCfg = Release|Any CPU
		{9B5991A7-B15B-49C1-985B-FF71555DE170}.Release|Any CPU.Build.0 = Release|Any CPU
		{7CCCEA22-7F1C-4968-92E8-B5D7B4DA4A8B}.Debug|Any CPU.ActiveCfg = Debug|Any CPU
		{7CCCEA22-7F1C-4968-92E8-B5D7B4DA4A8B}.Debug|Any CPU.Build.0 = Debug|Any CPU
		{7CCCEA22-7F1C-4968-92E8-B5D7B4DA4A8B}.Release|Any CPU.ActiveCfg = Release|Any CPU
		{7CCCEA22-7F1C-4968-92E8-B5D7B4DA4A8B}.Release|Any CPU.Build.0 = Release|Any CPU
		{F38A0AF7-1176-4CD5-8D8C-C0FF0F7291C0}.Debug|Any CPU.ActiveCfg = Debug|Any CPU
		{F38A0AF7-1176-4CD5-8D8C-C0FF0F7291C0}.Debug|Any CPU.Build.0 = Debug|Any CPU
		{F38A0AF7-1176-4CD5-8D8C-C0FF0F7291C0}.Release|Any CPU.ActiveCfg = Release|Any CPU
		{F38A0AF7-1176-4CD5-8D8C-C0FF0F7291C0}.Release|Any CPU.Build.0 = Release|Any CPU
		{9A495A2A-E4BF-4545-8944-D7D07C1C2E02}.Debug|Any CPU.ActiveCfg = Debug|Any CPU
		{9A495A2A-E4BF-4545-8944-D7D07C1C2E02}.Debug|Any CPU.Build.0 = Debug|Any CPU
		{9A495A2A-E4BF-4545-8944-D7D07C1C2E02}.Release|Any CPU.ActiveCfg = Release|Any CPU
		{9A495A2A-E4BF-4545-8944-D7D07C1C2E02}.Release|Any CPU.Build.0 = Release|Any CPU
		{3FFC72FD-9E0A-42B9-803B-029950EAA3CC}.Debug|Any CPU.ActiveCfg = Debug|Any CPU
		{3FFC72FD-9E0A-42B9-803B-029950EAA3CC}.Debug|Any CPU.Build.0 = Debug|Any CPU
		{3FFC72FD-9E0A-42B9-803B-029950EAA3CC}.Release|Any CPU.ActiveCfg = Release|Any CPU
		{3FFC72FD-9E0A-42B9-803B-029950EAA3CC}.Release|Any CPU.Build.0 = Release|Any CPU
		{DBC9531F-F762-4C21-8424-C417A20F2284}.Debug|Any CPU.ActiveCfg = Debug|Any CPU
		{DBC9531F-F762-4C21-8424-C417A20F2284}.Debug|Any CPU.Build.0 = Debug|Any CPU
		{DBC9531F-F762-4C21-8424-C417A20F2284}.Release|Any CPU.ActiveCfg = Release|Any CPU
		{DBC9531F-F762-4C21-8424-C417A20F2284}.Release|Any CPU.Build.0 = Release|Any CPU
		{52727A79-9B19-463B-BF2A-00F5ACB8DCC7}.Debug|Any CPU.ActiveCfg = Debug|Any CPU
		{52727A79-9B19-463B-BF2A-00F5ACB8DCC7}.Debug|Any CPU.Build.0 = Debug|Any CPU
		{52727A79-9B19-463B-BF2A-00F5ACB8DCC7}.Release|Any CPU.ActiveCfg = Release|Any CPU
		{52727A79-9B19-463B-BF2A-00F5ACB8DCC7}.Release|Any CPU.Build.0 = Release|Any CPU
		{68CC1DB4-B522-4FAF-8704-634D2C4DA605}.Debug|Any CPU.ActiveCfg = Debug|Any CPU
		{68CC1DB4-B522-4FAF-8704-634D2C4DA605}.Debug|Any CPU.Build.0 = Debug|Any CPU
		{68CC1DB4-B522-4FAF-8704-634D2C4DA605}.Release|Any CPU.ActiveCfg = Release|Any CPU
		{68CC1DB4-B522-4FAF-8704-634D2C4DA605}.Release|Any CPU.Build.0 = Release|Any CPU
		{B6D32E0B-6F05-4759-9059-C34B49F14DA2}.Debug|Any CPU.ActiveCfg = Debug|Any CPU
		{B6D32E0B-6F05-4759-9059-C34B49F14DA2}.Debug|Any CPU.Build.0 = Debug|Any CPU
		{B6D32E0B-6F05-4759-9059-C34B49F14DA2}.Release|Any CPU.ActiveCfg = Release|Any CPU
		{B6D32E0B-6F05-4759-9059-C34B49F14DA2}.Release|Any CPU.Build.0 = Release|Any CPU
		{295E5DD0-D79C-42C6-8260-45F30D3EE10A}.Debug|Any CPU.ActiveCfg = Debug|Any CPU
		{295E5DD0-D79C-42C6-8260-45F30D3EE10A}.Debug|Any CPU.Build.0 = Debug|Any CPU
		{295E5DD0-D79C-42C6-8260-45F30D3EE10A}.Release|Any CPU.ActiveCfg = Release|Any CPU
		{295E5DD0-D79C-42C6-8260-45F30D3EE10A}.Release|Any CPU.Build.0 = Release|Any CPU
		{0E0A0702-E3C6-4D27-9A31-67B31B67C38E}.Debug|Any CPU.ActiveCfg = Debug|Any CPU
		{0E0A0702-E3C6-4D27-9A31-67B31B67C38E}.Debug|Any CPU.Build.0 = Debug|Any CPU
		{0E0A0702-E3C6-4D27-9A31-67B31B67C38E}.Release|Any CPU.ActiveCfg = Release|Any CPU
		{0E0A0702-E3C6-4D27-9A31-67B31B67C38E}.Release|Any CPU.Build.0 = Release|Any CPU
		{D2D03C82-1119-454A-892F-44919F12C618}.Debug|Any CPU.ActiveCfg = Debug|Any CPU
		{D2D03C82-1119-454A-892F-44919F12C618}.Debug|Any CPU.Build.0 = Debug|Any CPU
		{D2D03C82-1119-454A-892F-44919F12C618}.Release|Any CPU.ActiveCfg = Release|Any CPU
		{D2D03C82-1119-454A-892F-44919F12C618}.Release|Any CPU.Build.0 = Release|Any CPU
		{CD492CA0-4B9C-4777-8EF4-AB1FBAB9F865}.Debug|Any CPU.ActiveCfg = Debug|Any CPU
		{CD492CA0-4B9C-4777-8EF4-AB1FBAB9F865}.Debug|Any CPU.Build.0 = Debug|Any CPU
		{CD492CA0-4B9C-4777-8EF4-AB1FBAB9F865}.Release|Any CPU.ActiveCfg = Release|Any CPU
		{CD492CA0-4B9C-4777-8EF4-AB1FBAB9F865}.Release|Any CPU.Build.0 = Release|Any CPU
	EndGlobalSection
	GlobalSection(SolutionProperties) = preSolution
		HideSolutionNode = FALSE
	EndGlobalSection
EndGlobal
