Microsoft Visual Studio Solution File, Format Version 12.00
# Visual Studio Version 18
VisualStudioVersion = 18.8.12021.73 stable
MinimumVisualStudioVersion = 10.0.40219.1
Project("{FAE04EC0-301F-11D3-BF4B-00C04F79EFBC}") = "Gen810", "Gen810.csproj", "{479B50B8-0ECA-4206-B777-2F13BB180003}"
EndProject
Global
	GlobalSection(SolutionConfigurationPlatforms) = preSolution
		Debug|Any CPU = Debug|Any CPU
		Release|Any CPU = Release|Any CPU
	EndGlobalSection
	GlobalSection(ProjectConfigurationPlatforms) = postSolution
		{479B50B8-0ECA-4206-B777-2F13BB180003}.Debug|Any CPU.ActiveCfg = Debug|Any CPU
		{479B50B8-0ECA-4206-B777-2F13BB180003}.Debug|Any CPU.Build.0 = Debug|Any CPU
		{479B50B8-0ECA-4206-B777-2F13BB180003}.Release|Any CPU.ActiveCfg = Release|Any CPU
		{479B50B8-0ECA-4206-B777-2F13BB180003}.Release|Any CPU.Build.0 = Release|Any CPU
	EndGlobalSection
	GlobalSection(SolutionProperties) = preSolution
		HideSolutionNode = FALSE
	EndGlobalSection
	GlobalSection(ExtensibilityGlobals) = postSolution
		SolutionGuid = {92A01ADD-7E16-4270-83B6-0C3287A75675}
	EndGlobalSection
EndGlobal
