Microsoft Visual Studio Solution File, Format Version 10.00
# Visual Studio 2008
Project("{FAE04EC0-301F-11D3-BF4B-00C04F79EFBC}") = "cSharpGen271X279", "cSharpGen271X279.csproj", "{4F044E6D-8029-418B-9A65-8FC967FB11E6}"
EndProject
Global
	GlobalSection(SolutionConfigurationPlatforms) = preSolution
		Debug|Any CPU = Debug|Any CPU
		Release|Any CPU = Release|Any CPU
	EndGlobalSection
	GlobalSection(ProjectConfigurationPlatforms) = postSolution
		{4F044E6D-8029-418B-9A65-8FC967FB11E6}.Debug|Any CPU.ActiveCfg = Debug|Any CPU
		{4F044E6D-8029-418B-9A65-8FC967FB11E6}.Debug|Any CPU.Build.0 = Debug|Any CPU
		{4F044E6D-8029-418B-9A65-8FC967FB11E6}.Release|Any CPU.ActiveCfg = Release|Any CPU
		{4F044E6D-8029-418B-9A65-8FC967FB11E6}.Release|Any CPU.Build.0 = Release|Any CPU
	EndGlobalSection
	GlobalSection(SolutionProperties) = preSolution
		HideSolutionNode = FALSE
	EndGlobalSection
EndGlobal
